# This file is autogenerated, do not edit; changes may be undone by the next 'dep ensure'.


[[projects]]
  branch = "master"
  digest = "1:6c8ac569de644822ffc2e421620ab9c4d5f0f04d5b53c81556d37bf4eb9f9b2c"
  name = "github.com/mdlayher/genetlink"
  packages = ["."]
  pruneopts = "UT"
  revision = "ca85b5a307448462b0aa7a07c67c0846bc12568f"

[[projects]]
  branch = "master"
  digest = "1:9cb419c9a8401d169e1827e51d1ae32ceae9a38d1c4a7351e8e247be1e3bd85b"
  name = "github.com/mdlayher/netlink"
  packages = [
    ".",
    "nlenc",
  ]
  pruneopts = "UT"
  revision = "80a6f93efd374ddee4e0ea862ca0085ef42eed65"

[[projects]]
  branch = "master"
  digest = "1:266d05c3dd75b5314dabf1bd7d67fd3b74a5b0fdb1dc57462641c5c0fb312cbb"
  name = "github.com/segmentio/fasthash"
  packages = ["jody"]
  pruneopts = "UT"
  revision = "a72b379d632eab4b49e4f4b2c765cfebf0a74796"

[[projects]]
  digest = "1:6322057a23e5ccfa6e00cf7a99de3ea3401b5af12eaa680fd8e7d0755a9febea"
  name = "github.com/segmentio/objconv"
  packages = [
    ".",
    "json",
    "objutil",
  ]
  pruneopts = "UT"
  revision = "8998c9cea5fb978cf489f7a8ad69159aa7be3d50"
  version = "0.1.0"

[[projects]]
  branch = "feature/tgid"
  digest = "1:4d56ff0260fb650d271d9b4133e4005b727015901b8291232ac7261f626fb4e5"
  name = "github.com/segmentio/taskstats"
  packages = ["."]
  pruneopts = "UT"
  revision = "1836ed27ccb2c2cfd7f26332bac397f4ddafe303"

[[projects]]
  branch = "master"
  digest = "1:ed32e5b8c2cb13ea42eaca9f9dda1233ee78e9e5aa9a9839afd7911c52f121fa"
  name = "golang.org/x/net"
  packages = ["bpf"]
  pruneopts = "UT"
  revision = "f9ce57c11b242f0f1599cf25c89d8cb02c45295a"

[[projects]]
  branch = "master"
  digest = "1:33a43cb31975899cfcd81600d1390467db1778ae87102f80668a753fed8c663e"
  name = "golang.org/x/sys"
  packages = ["unix"]
  pruneopts = "UT"
  revision = "98c5dad5d1a0e8a73845ecc8897d0bd56586511d"

[solve-meta]
  analyzer-name = "dep"
  analyzer-version = 1
  input-imports = [
    "github.com/segmentio/fasthash/jody",
    "github.com/segmentio/objconv",
    "github.com/segmentio/objconv/json",
    "github.com/segmentio/taskstats",
  ]
  solver-name = "gps-cdcl"
  solver-version = 1
