github.com/davecgh/go-spew v1.1.1 h1:vj9j/u1bqnvCEfJOwUhtlOARqs3+rkHYY13jYWTU97c=
github.com/google/go-cmp v0.6.0 h1:ofyhxvXcZhMsU5ulbFiLKl/XBFqE1GSq7atu8tAmTRI=
github.com/grpc-ecosystem/grpc-gateway/v2 v2.20.0 h1:bkypFPDjIYGfCYD5mRBvpqxfYX1YCS1PXdKYWi8FsN0=
github.com/grpc-ecosystem/grpc-gateway/v2 v2.20.0/go.mod h1:P+Lt/0by1T8bfcF3z737NnSbmxQAppXMRziHUxPOC8k=
github.com/pmezard/go-difflib v1.0.0 h1:4DBwDE0NGyQoBHbLQYPwSUPoCMWR5BEzIk/f1lZbAQM=
github.com/segmentio/fasthash v1.0.3 h1:EI9+KE1EwvMLBWwjpRDc+fEM+prwxDYbslddQGtrmhM=
github.com/segmentio/objconv v1.0.1 h1:QjfLzwriJj40JibCV3MGSEiAoXixbp4ybhwfTB8RXOM=
github.com/segmentio/stats/v5 v5.0.1 h1:oTufwnhBP6Yr7z9aWHBRAh3w/+opAIl/+1qj+U90pR0=
github.com/segmentio/stats/v5 v5.0.1/go.mod h1:Dn+b5nF2pDFdDykw/bEu+Q1u0WCWebDqcyo4pPNuJ+w=
github.com/stretchr/testify v1.8.4 h1:CcVxjf3Q8PM0mHUKJCdn+eZZtm5yQwehR5yeSVQQcUk=
go.opentelemetry.io/proto/otlp v1.3.1 h1:TrMUixzpM0yuc/znrFTP9MMRh8trP93mkCiDVeXrui0=
go.opentelemetry.io/proto/otlp v1.3.1/go.mod h1:0X1WI4de4ZsLrrJNLAQbFeLCm3T7yBkR0XqQ7niQU+8=
golang.org/x/exp v0.0.0-20240613232115-7f521ea00fb8 h1:yixxcjnhBmY0nkL253HFVIm0JsFHwrHdT3Yh6szTnfY=
golang.org/x/exp v0.0.0-20240613232115-7f521ea00fb8/go.mod h1:jj3sYF3dwk5D+ghuXyeI3r5MFf+NT2An6/9dOA95KSI=
golang.org/x/net v0.36.0 h1:vWF2fRbw4qslQsQzgFqZff+BItCvGFQqKzKIzx1rmoA=
golang.org/x/net v0.36.0/go.mod h1:bFmbeoIPfrw4sMHNhb4J9f6+tPziuGjq7Jk/38fxi1I=
golang.org/x/sync v0.11.0 h1:GGz8+XQP4FvTTrjZPzNKTMFtSXH80RAzG+5ghFPgK9w=
golang.org/x/sys v0.30.0 h1:QjkSwP/36a20jFYWkSue1YwXzLmsV5Gfq7Eiy72C1uc=
golang.org/x/sys v0.30.0/go.mod h1:/VUhepiaJMQUp4+oa/7Zr1D23ma6VTLIYjOOTFZPUcA=
golang.org/x/text v0.22.0 h1:bofq7m3/HAFvbF51jz3Q9wLg3jkvSPuiZu/pD1XwgtM=
golang.org/x/text v0.22.0/go.mod h1:YRoo4H8PVmsu+E3Ou7cqLVH8oXWIHVoX0jqUWALQhfY=
google.golang.org/genproto/googleapis/api v0.0.0-20240513163218-0867130af1f8 h1:W5Xj/70xIA4x60O/IFyXivR5MGqblAb8R3w26pnD6No=
google.golang.org/genproto/googleapis/api v0.0.0-20240513163218-0867130af1f8/go.mod h1:vPrPUTsDCYxXWjP7clS81mZ6/803D8K4iM9Ma27VKas=
google.golang.org/genproto/googleapis/rpc v0.0.0-20240513163218-0867130af1f8 h1:mxSlqyb8ZAHsYDCfiXN1EDdNTdvjUJSLY+OnAUtYNYA=
google.golang.org/genproto/googleapis/rpc v0.0.0-20240513163218-0867130af1f8/go.mod h1:I7Y+G38R2bu5j1aLzfFmQfTcU/WnFuqDwLZAbvKTKpM=
google.golang.org/grpc v1.64.1 h1:LKtvyfbX3UGVPFcGqJ9ItpVWW6oN/2XqTxfAnwRRXiA=
google.golang.org/grpc v1.64.1/go.mod h1:hiQF4LFZelK2WKaP6W0L92zGHtiQdZxk8CrSdvyjeP0=
google.golang.org/protobuf v1.34.2 h1:6xV6lTsCfpGD21XK49h7MhtcApnLqkfYgPcdHftf6hg=
google.golang.org/protobuf v1.34.2/go.mod h1:qYOHts0dSfpeUzUFpOMr/WGzszTmLH+DiWniOlNbLDw=
gopkg.in/yaml.v3 v3.0.1 h1:fxVm/GzAzEWqLHuvctI91KS9hhNmmWOoWu0XTYJS7CA=
